
Microsoft Visual Studio Solution File, Format Version 12.00
# Visual Studio Version 16
VisualStudioVersion = 16.0.31005.135
MinimumVisualStudioVersion = 10.0.40219.1
Project("{FAE04EC0-301F-11D3-BF4B-00C04F79EFBC}") = "Strings_Hometask", "Strings_Hometask\Strings_Hometask.csproj", "{9E32687C-22DB-4308-B075-AB3BE073EC70}"
EndProject
Global
	GlobalSection(SolutionConfigurationPlatforms) = preSolution
		Debug|Any CPU = Debug|Any CPU
		Release|Any CPU = Release|Any CPU
	EndGlobalSection
	GlobalSection(ProjectConfigurationPlatforms) = postSolution
		{9E32687C-22DB-4308-B075-AB3BE073EC70}.Debug|Any CPU.ActiveCfg = Debug|Any CPU
		{9E32687C-22DB-4308-B075-AB3BE073EC70}.Debug|Any CPU.Build.0 = Debug|Any CPU
		{9E32687C-22DB-4308-B075-AB3BE073EC70}.Release|Any CPU.ActiveCfg = Release|Any CPU
		{9E32687C-22DB-4308-B075-AB3BE073EC70}.Release|Any CPU.Build.0 = Release|Any CPU
	EndGlobalSection
	GlobalSection(SolutionProperties) = preSolution
		HideSolutionNode = FALSE
	EndGlobalSection
	GlobalSection(ExtensibilityGlobals) = postSolution
		SolutionGuid = {DA0C516D-9BCF-4833-B6BE-CC4927D268AB}
	EndGlobalSection
EndGlobal
